
Microsoft Visual Studio Solution File, Format Version 12.00
# Visual Studio 14
VisualStudioVersion = 14.0.25123.0
MinimumVisualStudioVersion = 10.0.40219.1
Project("{FAE04EC0-301F-11D3-BF4B-00C04F79EFBC}") = "Cintera.DAL", "Cintera.DAL\Cintera.DAL.csproj", "{75BD66A0-6B5C-48D1-8CF4-53027BC8A9AE}"
EndProject
Project("{FAE04EC0-301F-11D3-BF4B-00C04F79EFBC}") = "Cintera.Web", "Cintera.Web\Cintera.Web.csproj", "{67EFDC65-C917-41B2-AF44-1B7E9638BBD1}"
EndProject
Global
	GlobalSection(SolutionConfigurationPlatforms) = preSolution
		Debug|Any CPU = Debug|Any CPU
		Release|Any CPU = Release|Any CPU
	EndGlobalSection
	GlobalSection(ProjectConfigurationPlatforms) = postSolution
		{75BD66A0-6B5C-48D1-8CF4-53027BC8A9AE}.Debug|Any CPU.ActiveCfg = Debug|Any CPU
		{75BD66A0-6B5C-48D1-8CF4-53027BC8A9AE}.Debug|Any CPU.Build.0 = Debug|Any CPU
		{75BD66A0-6B5C-48D1-8CF4-53027BC8A9AE}.Release|Any CPU.ActiveCfg = Release|Any CPU
		{75BD66A0-6B5C-48D1-8CF4-53027BC8A9AE}.Release|Any CPU.Build.0 = Release|Any CPU
		{67EFDC65-C917-41B2-AF44-1B7E9638BBD1}.Debug|Any CPU.ActiveCfg = Debug|Any CPU
		{67EFDC65-C917-41B2-AF44-1B7E9638BBD1}.Debug|Any CPU.Build.0 = Debug|Any CPU
		{67EFDC65-C917-41B2-AF44-1B7E9638BBD1}.Release|Any CPU.ActiveCfg = Release|Any CPU
		{67EFDC65-C917-41B2-AF44-1B7E9638BBD1}.Release|Any CPU.Build.0 = Release|Any CPU
	EndGlobalSection
	GlobalSection(SolutionProperties) = preSolution
		HideSolutionNode = FALSE
	EndGlobalSection
EndGlobal
